
Microsoft Visual Studio Solution File, Format Version 12.00
# Visual Studio Version 16
VisualStudioVersion = 16.0.31205.134
MinimumVisualStudioVersion = 10.0.40219.1
Project("{FAE04EC0-301F-11D3-BF4B-00C04F79EFBC}") = "Index", "Index.csproj", "{705E7522-B725-465D-87C2-4C70E478114B}"
EndProject
Global
	GlobalSection(SolutionConfigurationPlatforms) = preSolution
		Debug|Any CPU = Debug|Any CPU
		Release|Any CPU = Release|Any CPU
	EndGlobalSection
	GlobalSection(ProjectConfigurationPlatforms) = postSolution
		{705E7522-B725-465D-87C2-4C70E478114B}.Debug|Any CPU.ActiveCfg = Debug|Any CPU
		{705E7522-B725-465D-87C2-4C70E478114B}.Debug|Any CPU.Build.0 = Debug|Any CPU
		{705E7522-B725-465D-87C2-4C70E478114B}.Release|Any CPU.ActiveCfg = Release|Any CPU
		{705E7522-B725-465D-87C2-4C70E478114B}.Release|Any CPU.Build.0 = Release|Any CPU
	EndGlobalSection
	GlobalSection(SolutionProperties) = preSolution
		HideSolutionNode = FALSE
	EndGlobalSection
	GlobalSection(ExtensibilityGlobals) = postSolution
		SolutionGuid = {F5BFACC5-695A-492A-9EDD-6D843A998D77}
	EndGlobalSection
EndGlobal
